// !$*UTF8*$!
{
	archiveVersion = 1;
	classes = {
	};
	objectVersion = 46;
	objects = {

/* Begin PBXBuildFile section */
		334E1ECF1C4CE92F0099299C /* DEMOMenuViewController.m in Sources */ = {isa = PBXBuildFile; fileRef = 334E1ECE1C4CE92F0099299C /* DEMOMenuViewController.m */; };
		334E1F001C4DCC8F0099299C /* DEMORootViewController.m in Sources */ = {isa = PBXBuildFile; fileRef = 334E1EFF1C4DCC8F0099299C /* DEMORootViewController.m */; };
		334E1F061C4E4CE00099299C /* DEMONavigationController.m in Sources */ = {isa = PBXBuildFile; fileRef = 334E1F051C4E4CE00099299C /* DEMONavigationController.m */; };
		33D4CBE11C3F904300F4235C /* ApiConnect.m in Sources */ = {isa = PBXBuildFile; fileRef = 33D4CBE01C3F904300F4235C /* ApiConnect.m */; };
		33D4CBEA1C3F906100F4235C /* Movie.m in Sources */ = {isa = PBXBuildFile; fileRef = 33D4CBE71C3F906100F4235C /* Movie.m */; };
		33D4CBED1C40C45400F4235C /* ic_play.png in Resources */ = {isa = PBXBuildFile; fileRef = 33D4CBEC1C40C45400F4235C /* ic_play.png */; };
		33D4CBF31C43467500F4235C /* Utils.m in Sources */ = {isa = PBXBuildFile; fileRef = 33D4CBF21C43467500F4235C /* Utils.m */; };
		33D4CC021C43AF2000F4235C /* ic_check_blue.png in Resources */ = {isa = PBXBuildFile; fileRef = 33D4CC011C43AF2000F4235C /* ic_check_blue.png */; };
		33D4CC0A1C449F2A00F4235C /* ic_more_doc_blue.png in Resources */ = {isa = PBXBuildFile; fileRef = 33D4CC091C449F2A00F4235C /* ic_more_doc_blue.png */; };
		33D4CC0F1C44A23700F4235C /* ic_menu.png in Resources */ = {isa = PBXBuildFile; fileRef = 33D4CC0E1C44A23700F4235C /* ic_menu.png */; };
		A32E933C1D44A2FA007891EC /* ic_launcher.png in Resources */ = {isa = PBXBuildFile; fileRef = A32E933B1D44A2FA007891EC /* ic_launcher.png */; };
		A32E93401D44A414007891EC /* LoginController.m in Sources */ = {isa = PBXBuildFile; fileRef = A32E933F1D44A414007891EC /* LoginController.m */; };
		A32E93431D44B08B007891EC /* FiniUser.m in Sources */ = {isa = PBXBuildFile; fileRef = A32E93421D44B08B007891EC /* FiniUser.m */; };
		A34337E81D3E679100594106 /* Task.m in Sources */ = {isa = PBXBuildFile; fileRef = A34337E71D3E679100594106 /* Task.m */; };
		A34337EC1D3E78B200594106 /* Order.m in Sources */ = {isa = PBXBuildFile; fileRef = A34337EB1D3E78B200594106 /* Order.m */; };
		A34338CB1D824B3D006D9A12 /* libPods-FiniExShipper.a in Frameworks */ = {isa = PBXBuildFile; fileRef = A34338CA1D824B3D006D9A12 /* libPods-FiniExShipper.a */; };
		A34DB3A61D431B2B008ED8D3 /* ic_phone.png in Resources */ = {isa = PBXBuildFile; fileRef = A34DB3A31D431B2B008ED8D3 /* ic_phone.png */; };
		A34DB3A71D431B2B008ED8D3 /* ic_task_addr.png in Resources */ = {isa = PBXBuildFile; fileRef = A34DB3A41D431B2B008ED8D3 /* ic_task_addr.png */; };
		A34DB3A81D431B2B008ED8D3 /* ic_task_time.png in Resources */ = {isa = PBXBuildFile; fileRef = A34DB3A51D431B2B008ED8D3 /* ic_task_time.png */; };
		A34DB3AC1D4341D5008ED8D3 /* OrderController.m in Sources */ = {isa = PBXBuildFile; fileRef = A34DB3AB1D4341D5008ED8D3 /* OrderController.m */; };
		A34DB3B01D43426E008ED8D3 /* OrderCell.m in Sources */ = {isa = PBXBuildFile; fileRef = A34DB3AF1D43426E008ED8D3 /* OrderCell.m */; };
		A3528DA11D49A139007F3C07 /* LocationManager.m in Sources */ = {isa = PBXBuildFile; fileRef = A3528DA01D49A139007F3C07 /* LocationManager.m */; };
		A376A16B1D4C35B3008A50B2 /* UpdateStatusOrderController.m in Sources */ = {isa = PBXBuildFile; fileRef = A376A16A1D4C35B3008A50B2 /* UpdateStatusOrderController.m */; };
		A37B615D1D491F0A00AC31A1 /* FiniShipper.storyboard in Resources */ = {isa = PBXBuildFile; fileRef = A37B615C1D491F0A00AC31A1 /* FiniShipper.storyboard */; };
		A37F4AD71D47CA8A0044439C /* UITableView+FDTemplateLayoutCell.m in Sources */ = {isa = PBXBuildFile; fileRef = A37F4AD01D47CA8A0044439C /* UITableView+FDTemplateLayoutCell.m */; };
		A37F4AD81D47CA8A0044439C /* UITableView+FDKeyedHeightCache.m in Sources */ = {isa = PBXBuildFile; fileRef = A37F4AD21D47CA8A0044439C /* UITableView+FDKeyedHeightCache.m */; };
		A37F4AD91D47CA8A0044439C /* UITableView+FDIndexPathHeightCache.m in Sources */ = {isa = PBXBuildFile; fileRef = A37F4AD41D47CA8A0044439C /* UITableView+FDIndexPathHeightCache.m */; };
		A37F4ADA1D47CA8A0044439C /* UITableView+FDTemplateLayoutCellDebug.m in Sources */ = {isa = PBXBuildFile; fileRef = A37F4AD61D47CA8A0044439C /* UITableView+FDTemplateLayoutCellDebug.m */; };
		A37F4ADB1D47CAA70044439C /* UITableView+FDTemplateLayoutCell.h in Sources */ = {isa = PBXBuildFile; fileRef = A37F4ACF1D47CA8A0044439C /* UITableView+FDTemplateLayoutCell.h */; };
		A37F4ADC1D47CAA70044439C /* UITableView+FDKeyedHeightCache.h in Sources */ = {isa = PBXBuildFile; fileRef = A37F4AD11D47CA8A0044439C /* UITableView+FDKeyedHeightCache.h */; };
		A37F4ADD1D47CAA70044439C /* UITableView+FDIndexPathHeightCache.h in Sources */ = {isa = PBXBuildFile; fileRef = A37F4AD31D47CA8A0044439C /* UITableView+FDIndexPathHeightCache.h */; };
		A37F4ADE1D47CAA70044439C /* UITableView+FDTemplateLayoutCellDebug.h in Sources */ = {isa = PBXBuildFile; fileRef = A37F4AD51D47CA8A0044439C /* UITableView+FDTemplateLayoutCellDebug.h */; };
		A3815DD21C41FCAA00A0E4D8 /* ic_back_black.png in Resources */ = {isa = PBXBuildFile; fileRef = A3815DCA1C41FCAA00A0E4D8 /* ic_back_black.png */; };
		A3815DD31C41FCAA00A0E4D8 /* ic_back_white.png in Resources */ = {isa = PBXBuildFile; fileRef = A3815DCB1C41FCAA00A0E4D8 /* ic_back_white.png */; };
		A3815DD41C41FCAA00A0E4D8 /* ic_cc_disable.png in Resources */ = {isa = PBXBuildFile; fileRef = A3815DCC1C41FCAA00A0E4D8 /* ic_cc_disable.png */; };
		A3815DD51C41FCAA00A0E4D8 /* ic_cc.png in Resources */ = {isa = PBXBuildFile; fileRef = A3815DCD1C41FCAA00A0E4D8 /* ic_cc.png */; };
		A3815DD61C41FCAA00A0E4D8 /* ic_hd_active.png in Resources */ = {isa = PBXBuildFile; fileRef = A3815DCE1C41FCAA00A0E4D8 /* ic_hd_active.png */; };
		A3815DD71C41FCAA00A0E4D8 /* ic_hd_disable.png in Resources */ = {isa = PBXBuildFile; fileRef = A3815DCF1C41FCAA00A0E4D8 /* ic_hd_disable.png */; };
		A3815DD81C41FCAA00A0E4D8 /* ic_pause_yellow.png in Resources */ = {isa = PBXBuildFile; fileRef = A3815DD01C41FCAA00A0E4D8 /* ic_pause_yellow.png */; };
		A3815DD91C41FCAA00A0E4D8 /* ic_play_blue.png in Resources */ = {isa = PBXBuildFile; fileRef = A3815DD11C41FCAA00A0E4D8 /* ic_play_blue.png */; };
		A38E7D281D4293D0007329FC /* TaskController.m in Sources */ = {isa = PBXBuildFile; fileRef = A38E7D271D4293D0007329FC /* TaskController.m */; };
		A38E7D2B1D429AC3007329FC /* TaskCell.m in Sources */ = {isa = PBXBuildFile; fileRef = A38E7D2A1D429AC3007329FC /* TaskCell.m */; };
		A3AC7C001D6F6E9A003D037C /* UserInfo.m in Sources */ = {isa = PBXBuildFile; fileRef = A3AC7BFF1D6F6E9A003D037C /* UserInfo.m */; };
		A3EC535D1D530B3C00063377 /* ic_take_picture.png in Resources */ = {isa = PBXBuildFile; fileRef = A3EC535C1D530B3C00063377 /* ic_take_picture.png */; };
		A3EC53601D53172700063377 /* ImgurImage.m in Sources */ = {isa = PBXBuildFile; fileRef = A3EC535F1D53172700063377 /* ImgurImage.m */; };
		A3EC53631D53184500063377 /* Image.m in Sources */ = {isa = PBXBuildFile; fileRef = A3EC53621D53184500063377 /* Image.m */; };
		A3F604031C40F614003B2950 /* MovieStoryboard.storyboard in Resources */ = {isa = PBXBuildFile; fileRef = A3F604021C40F614003B2950 /* MovieStoryboard.storyboard */; };
		A3F6040A1C410479003B2950 /* MPMoviePlayerController+Subtitles.m in Sources */ = {isa = PBXBuildFile; fileRef = A3F604091C410479003B2950 /* MPMoviePlayerController+Subtitles.m */; };
		DE7BC50C1C3F89BD00D58031 /* main.m in Sources */ = {isa = PBXBuildFile; fileRef = DE7BC50B1C3F89BD00D58031 /* main.m */; };
		DE7BC5181C3F89BD00D58031 /* HDMovieTemplate.xcdatamodeld in Sources */ = {isa = PBXBuildFile; fileRef = DE7BC5161C3F89BD00D58031 /* HDMovieTemplate.xcdatamodeld */; };
		DE7BC51A1C3F89BD00D58031 /* Assets.xcassets in Resources */ = {isa = PBXBuildFile; fileRef = DE7BC5191C3F89BD00D58031 /* Assets.xcassets */; };
		DE7BC5251C3F8B9300D58031 /* Foundation.framework in Frameworks */ = {isa = PBXBuildFile; fileRef = DE7BC5241C3F8B9300D58031 /* Foundation.framework */; };
		DE7BC5331C3F8C3C00D58031 /* AppDelegate.m in Sources */ = {isa = PBXBuildFile; fileRef = DE7BC5281C3F8C3C00D58031 /* AppDelegate.m */; };
/* End PBXBuildFile section */

/* Begin PBXFileReference section */
		334E1ECD1C4CE92F0099299C /* DEMOMenuViewController.h */ = {isa = PBXFileReference; fileEncoding = 4; lastKnownFileType = sourcecode.c.h; path = DEMOMenuViewController.h; sourceTree = "<group>"; };
		334E1ECE1C4CE92F0099299C /* DEMOMenuViewController.m */ = {isa = PBXFileReference; fileEncoding = 4; lastKnownFileType = sourcecode.c.objc; path = DEMOMenuViewController.m; sourceTree = "<group>"; };
		334E1EE91C4CEC280099299C /* libAFNetworking.a */ = {isa = PBXFileReference; lastKnownFileType = archive.ar; name = libAFNetworking.a; path = "Pods/../build/Debug-iphoneos/libAFNetworking.a"; sourceTree = "<group>"; };
		334E1EEA1C4CEC280099299C /* libJSONModel.a */ = {isa = PBXFileReference; lastKnownFileType = archive.ar; name = libJSONModel.a; path = "Pods/../build/Debug-iphoneos/libJSONModel.a"; sourceTree = "<group>"; };
		334E1EEC1C4CEC280099299C /* libSTPopup.a */ = {isa = PBXFileReference; lastKnownFileType = archive.ar; name = libSTPopup.a; path = "Pods/../build/Debug-iphoneos/libSTPopup.a"; sourceTree = "<group>"; };
		334E1EED1C4CEC280099299C /* libSVProgressHUD.a */ = {isa = PBXFileReference; lastKnownFileType = archive.ar; name = libSVProgressHUD.a; path = "Pods/../build/Debug-iphoneos/libSVProgressHUD.a"; sourceTree = "<group>"; };
		334E1EF31C4CEE0D0099299C /* libAFNetworking.a */ = {isa = PBXFileReference; lastKnownFileType = archive.ar; name = libAFNetworking.a; path = "Pods/../build/Debug-iphoneos/libAFNetworking.a"; sourceTree = "<group>"; };
		334E1EF41C4CEE0D0099299C /* libJSONModel.a */ = {isa = PBXFileReference; lastKnownFileType = archive.ar; name = libJSONModel.a; path = "Pods/../build/Debug-iphoneos/libJSONModel.a"; sourceTree = "<group>"; };
		334E1EF51C4CEE0D0099299C /* libSTPopup.a */ = {isa = PBXFileReference; lastKnownFileType = archive.ar; name = libSTPopup.a; path = "Pods/../build/Debug-iphoneos/libSTPopup.a"; sourceTree = "<group>"; };
		334E1EF61C4CEE0D0099299C /* libSVProgressHUD.a */ = {isa = PBXFileReference; lastKnownFileType = archive.ar; name = libSVProgressHUD.a; path = "Pods/../build/Debug-iphoneos/libSVProgressHUD.a"; sourceTree = "<group>"; };
		334E1EFE1C4DCC8F0099299C /* DEMORootViewController.h */ = {isa = PBXFileReference; fileEncoding = 4; lastKnownFileType = sourcecode.c.h; path = DEMORootViewController.h; sourceTree = "<group>"; };
		334E1EFF1C4DCC8F0099299C /* DEMORootViewController.m */ = {isa = PBXFileReference; fileEncoding = 4; lastKnownFileType = sourcecode.c.objc; path = DEMORootViewController.m; sourceTree = "<group>"; };
		334E1F041C4E4CE00099299C /* DEMONavigationController.h */ = {isa = PBXFileReference; fileEncoding = 4; lastKnownFileType = sourcecode.c.h; path = DEMONavigationController.h; sourceTree = "<group>"; };
		334E1F051C4E4CE00099299C /* DEMONavigationController.m */ = {isa = PBXFileReference; fileEncoding = 4; lastKnownFileType = sourcecode.c.objc; path = DEMONavigationController.m; sourceTree = "<group>"; };
		33D4CBDF1C3F904300F4235C /* ApiConnect.h */ = {isa = PBXFileReference; fileEncoding = 4; lastKnownFileType = sourcecode.c.h; path = ApiConnect.h; sourceTree = "<group>"; };
		33D4CBE01C3F904300F4235C /* ApiConnect.m */ = {isa = PBXFileReference; fileEncoding = 4; lastKnownFileType = sourcecode.c.objc; path = ApiConnect.m; sourceTree = "<group>"; };
		33D4CBE21C3F904D00F4235C /* Define.h */ = {isa = PBXFileReference; lastKnownFileType = sourcecode.c.h; path = Define.h; sourceTree = "<group>"; };
		33D4CBE71C3F906100F4235C /* Movie.m */ = {isa = PBXFileReference; fileEncoding = 4; lastKnownFileType = sourcecode.c.objc; name = Movie.m; path = ../MVC/Model/Movie.m; sourceTree = "<group>"; };
		33D4CBEC1C40C45400F4235C /* ic_play.png */ = {isa = PBXFileReference; lastKnownFileType = image.png; path = ic_play.png; sourceTree = "<group>"; };
		33D4CBF11C43467500F4235C /* Utils.h */ = {isa = PBXFileReference; fileEncoding = 4; lastKnownFileType = sourcecode.c.h; path = Utils.h; sourceTree = "<group>"; };
		33D4CBF21C43467500F4235C /* Utils.m */ = {isa = PBXFileReference; fileEncoding = 4; lastKnownFileType = sourcecode.c.objc; path = Utils.m; sourceTree = "<group>"; };
		33D4CC011C43AF2000F4235C /* ic_check_blue.png */ = {isa = PBXFileReference; lastKnownFileType = image.png; path = ic_check_blue.png; sourceTree = "<group>"; };
		33D4CC091C449F2A00F4235C /* ic_more_doc_blue.png */ = {isa = PBXFileReference; lastKnownFileType = image.png; path = ic_more_doc_blue.png; sourceTree = "<group>"; };
		33D4CC0E1C44A23700F4235C /* ic_menu.png */ = {isa = PBXFileReference; lastKnownFileType = image.png; path = ic_menu.png; sourceTree = "<group>"; };
		66478A587D019DED255FD346 /* libPods-HDMovie.a */ = {isa = PBXFileReference; explicitFileType = archive.ar; includeInIndex = 0; path = "libPods-HDMovie.a"; sourceTree = BUILT_PRODUCTS_DIR; };
		7CB80889BDBCDA03A5919398 /* libPods-FiniExShipper.a */ = {isa = PBXFileReference; explicitFileType = archive.ar; includeInIndex = 0; path = "libPods-FiniExShipper.a"; sourceTree = BUILT_PRODUCTS_DIR; };
		8C4906A99DACEA19F5D52F99 /* Pods-FiniExShipper.debug.xcconfig */ = {isa = PBXFileReference; includeInIndex = 1; lastKnownFileType = text.xcconfig; name = "Pods-FiniExShipper.debug.xcconfig"; path = "Pods/Target Support Files/Pods-FiniExShipper/Pods-FiniExShipper.debug.xcconfig"; sourceTree = "<group>"; };
		8F2A001A9E5D8BBB55E52472 /* Pods-HDMovie.debug.xcconfig */ = {isa = PBXFileReference; includeInIndex = 1; lastKnownFileType = text.xcconfig; name = "Pods-HDMovie.debug.xcconfig"; path = "Pods/Target Support Files/Pods-HDMovie/Pods-HDMovie.debug.xcconfig"; sourceTree = "<group>"; };
		A32E933B1D44A2FA007891EC /* ic_launcher.png */ = {isa = PBXFileReference; lastKnownFileType = image.png; path = ic_launcher.png; sourceTree = "<group>"; };
		A32E933E1D44A414007891EC /* LoginController.h */ = {isa = PBXFileReference; fileEncoding = 4; lastKnownFileType = sourcecode.c.h; path = LoginController.h; sourceTree = "<group>"; };
		A32E933F1D44A414007891EC /* LoginController.m */ = {isa = PBXFileReference; fileEncoding = 4; lastKnownFileType = sourcecode.c.objc; path = LoginController.m; sourceTree = "<group>"; };
		A32E93411D44B08B007891EC /* FiniUser.h */ = {isa = PBXFileReference; fileEncoding = 4; lastKnownFileType = sourcecode.c.h; path = FiniUser.h; sourceTree = "<group>"; };
		A32E93421D44B08B007891EC /* FiniUser.m */ = {isa = PBXFileReference; fileEncoding = 4; lastKnownFileType = sourcecode.c.objc; path = FiniUser.m; sourceTree = "<group>"; };
		A34337E71D3E679100594106 /* Task.m */ = {isa = PBXFileReference; fileEncoding = 4; lastKnownFileType = sourcecode.c.objc; path = Task.m; sourceTree = "<group>"; };
		A34337E91D3E67B200594106 /* Task.h */ = {isa = PBXFileReference; lastKnownFileType = sourcecode.c.h; path = Task.h; sourceTree = "<group>"; };
		A34337EA1D3E78B200594106 /* Order.h */ = {isa = PBXFileReference; fileEncoding = 4; lastKnownFileType = sourcecode.c.h; path = Order.h; sourceTree = "<group>"; };
		A34337EB1D3E78B200594106 /* Order.m */ = {isa = PBXFileReference; fileEncoding = 4; lastKnownFileType = sourcecode.c.objc; path = Order.m; sourceTree = "<group>"; };
		A34338C01D824775006D9A12 /* libAFNetworking.a */ = {isa = PBXFileReference; lastKnownFileType = archive.ar; name = libAFNetworking.a; path = "../../../Library/Developer/Xcode/DerivedData/HDMovieTemplate-dsqifmocmmgtshbaynqzvjjpckys/Build/Products/Debug-iphonesimulator/libAFNetworking.a"; sourceTree = "<group>"; };
		A34338C11D824775006D9A12 /* libJSONModel.a */ = {isa = PBXFileReference; lastKnownFileType = archive.ar; name = libJSONModel.a; path = "../../../Library/Developer/Xcode/DerivedData/HDMovieTemplate-dsqifmocmmgtshbaynqzvjjpckys/Build/Products/Debug-iphonesimulator/libJSONModel.a"; sourceTree = "<group>"; };
		A34338C21D824775006D9A12 /* libREFrostedViewController.a */ = {isa = PBXFileReference; lastKnownFileType = archive.ar; name = libREFrostedViewController.a; path = "../../../Library/Developer/Xcode/DerivedData/HDMovieTemplate-dsqifmocmmgtshbaynqzvjjpckys/Build/Products/Debug-iphonesimulator/libREFrostedViewController.a"; sourceTree = "<group>"; };
		A34338C31D824775006D9A12 /* libSTPopup.a */ = {isa = PBXFileReference; lastKnownFileType = archive.ar; name = libSTPopup.a; path = "../../../Library/Developer/Xcode/DerivedData/HDMovieTemplate-dsqifmocmmgtshbaynqzvjjpckys/Build/Products/Debug-iphonesimulator/libSTPopup.a"; sourceTree = "<group>"; };
		A34338C41D824775006D9A12 /* libSVProgressHUD.a */ = {isa = PBXFileReference; lastKnownFileType = archive.ar; name = libSVProgressHUD.a; path = "../../../Library/Developer/Xcode/DerivedData/HDMovieTemplate-dsqifmocmmgtshbaynqzvjjpckys/Build/Products/Debug-iphonesimulator/libSVProgressHUD.a"; sourceTree = "<group>"; };
		A34338CA1D824B3D006D9A12 /* libPods-FiniExShipper.a */ = {isa = PBXFileReference; lastKnownFileType = archive.ar; name = "libPods-FiniExShipper.a"; path = "../../../Library/Developer/Xcode/DerivedData/FiniExShipper-ckuaqijweshrcccngohatltmyvnn/Build/Products/Debug-iphonesimulator/libPods-FiniExShipper.a"; sourceTree = "<group>"; };
		A34DB3A31D431B2B008ED8D3 /* ic_phone.png */ = {isa = PBXFileReference; lastKnownFileType = image.png; path = ic_phone.png; sourceTree = "<group>"; };
		A34DB3A41D431B2B008ED8D3 /* ic_task_addr.png */ = {isa = PBXFileReference; lastKnownFileType = image.png; path = ic_task_addr.png; sourceTree = "<group>"; };
		A34DB3A51D431B2B008ED8D3 /* ic_task_time.png */ = {isa = PBXFileReference; lastKnownFileType = image.png; path = ic_task_time.png; sourceTree = "<group>"; };
		A34DB3AA1D4341D5008ED8D3 /* OrderController.h */ = {isa = PBXFileReference; fileEncoding = 4; lastKnownFileType = sourcecode.c.h; path = OrderController.h; sourceTree = "<group>"; };
		A34DB3AB1D4341D5008ED8D3 /* OrderController.m */ = {isa = PBXFileReference; fileEncoding = 4; lastKnownFileType = sourcecode.c.objc; path = OrderController.m; sourceTree = "<group>"; };
		A34DB3AE1D43426E008ED8D3 /* OrderCell.h */ = {isa = PBXFileReference; fileEncoding = 4; lastKnownFileType = sourcecode.c.h; path = OrderCell.h; sourceTree = "<group>"; };
		A34DB3AF1D43426E008ED8D3 /* OrderCell.m */ = {isa = PBXFileReference; fileEncoding = 4; lastKnownFileType = sourcecode.c.objc; path = OrderCell.m; sourceTree = "<group>"; };
		A3528D9F1D49A139007F3C07 /* LocationManager.h */ = {isa = PBXFileReference; fileEncoding = 4; lastKnownFileType = sourcecode.c.h; path = LocationManager.h; sourceTree = "<group>"; };
		A3528DA01D49A139007F3C07 /* LocationManager.m */ = {isa = PBXFileReference; fileEncoding = 4; lastKnownFileType = sourcecode.c.objc; path = LocationManager.m; sourceTree = "<group>"; };
		A376A1691D4C35B3008A50B2 /* UpdateStatusOrderController.h */ = {isa = PBXFileReference; fileEncoding = 4; lastKnownFileType = sourcecode.c.h; path = UpdateStatusOrderController.h; sourceTree = "<group>"; };
		A376A16A1D4C35B3008A50B2 /* UpdateStatusOrderController.m */ = {isa = PBXFileReference; fileEncoding = 4; lastKnownFileType = sourcecode.c.objc; path = UpdateStatusOrderController.m; sourceTree = "<group>"; };
		A37B615C1D491F0A00AC31A1 /* FiniShipper.storyboard */ = {isa = PBXFileReference; fileEncoding = 4; lastKnownFileType = file.storyboard; name = FiniShipper.storyboard; path = "../../../../Downloads/UITableView-FDTemplateLayoutCell-master/Demo/FiniShipper.storyboard"; sourceTree = "<group>"; };
		A37F4AC91D47C7280044439C /* FDTemplateLayoutCell.framework */ = {isa = PBXFileReference; lastKnownFileType = wrapper.framework; name = FDTemplateLayoutCell.framework; path = "FDTemplateLayoutCell/build/Debug-iphoneos/FDTemplateLayoutCell.framework"; sourceTree = "<group>"; };
		A37F4ACB1D47C73E0044439C /* FDTemplateLayoutCell.framework */ = {isa = PBXFileReference; lastKnownFileType = wrapper.framework; name = FDTemplateLayoutCell.framework; path = "FDTemplateLayoutCell/build/Debug-iphoneos/FDTemplateLayoutCell.framework"; sourceTree = "<group>"; };
		A37F4ACD1D47C9D60044439C /* FDTemplateLayoutCell.framework */ = {isa = PBXFileReference; lastKnownFileType = wrapper.framework; name = FDTemplateLayoutCell.framework; path = "../../../Library/Developer/Xcode/DerivedData/HDMovie-dfjiirsewklqyyfphvohanrrvurc/Build/Products/Debug-iphonesimulator/FDTemplateLayoutCell.framework"; sourceTree = "<group>"; };
		A37F4ACF1D47CA8A0044439C /* UITableView+FDTemplateLayoutCell.h */ = {isa = PBXFileReference; fileEncoding = 4; lastKnownFileType = sourcecode.c.h; path = "UITableView+FDTemplateLayoutCell.h"; sourceTree = "<group>"; };
		A37F4AD01D47CA8A0044439C /* UITableView+FDTemplateLayoutCell.m */ = {isa = PBXFileReference; fileEncoding = 4; lastKnownFileType = sourcecode.c.objc; path = "UITableView+FDTemplateLayoutCell.m"; sourceTree = "<group>"; };
		A37F4AD11D47CA8A0044439C /* UITableView+FDKeyedHeightCache.h */ = {isa = PBXFileReference; fileEncoding = 4; lastKnownFileType = sourcecode.c.h; path = "UITableView+FDKeyedHeightCache.h"; sourceTree = "<group>"; };
		A37F4AD21D47CA8A0044439C /* UITableView+FDKeyedHeightCache.m */ = {isa = PBXFileReference; fileEncoding = 4; lastKnownFileType = sourcecode.c.objc; path = "UITableView+FDKeyedHeightCache.m"; sourceTree = "<group>"; };
		A37F4AD31D47CA8A0044439C /* UITableView+FDIndexPathHeightCache.h */ = {isa = PBXFileReference; fileEncoding = 4; lastKnownFileType = sourcecode.c.h; path = "UITableView+FDIndexPathHeightCache.h"; sourceTree = "<group>"; };
		A37F4AD41D47CA8A0044439C /* UITableView+FDIndexPathHeightCache.m */ = {isa = PBXFileReference; fileEncoding = 4; lastKnownFileType = sourcecode.c.objc; path = "UITableView+FDIndexPathHeightCache.m"; sourceTree = "<group>"; };
		A37F4AD51D47CA8A0044439C /* UITableView+FDTemplateLayoutCellDebug.h */ = {isa = PBXFileReference; fileEncoding = 4; lastKnownFileType = sourcecode.c.h; path = "UITableView+FDTemplateLayoutCellDebug.h"; sourceTree = "<group>"; };
		A37F4AD61D47CA8A0044439C /* UITableView+FDTemplateLayoutCellDebug.m */ = {isa = PBXFileReference; fileEncoding = 4; lastKnownFileType = sourcecode.c.objc; path = "UITableView+FDTemplateLayoutCellDebug.m"; sourceTree = "<group>"; };
		A3815DCA1C41FCAA00A0E4D8 /* ic_back_black.png */ = {isa = PBXFileReference; lastKnownFileType = image.png; path = ic_back_black.png; sourceTree = "<group>"; };
		A3815DCB1C41FCAA00A0E4D8 /* ic_back_white.png */ = {isa = PBXFileReference; lastKnownFileType = image.png; path = ic_back_white.png; sourceTree = "<group>"; };
		A3815DCC1C41FCAA00A0E4D8 /* ic_cc_disable.png */ = {isa = PBXFileReference; lastKnownFileType = image.png; path = ic_cc_disable.png; sourceTree = "<group>"; };
		A3815DCD1C41FCAA00A0E4D8 /* ic_cc.png */ = {isa = PBXFileReference; lastKnownFileType = image.png; path = ic_cc.png; sourceTree = "<group>"; };
		A3815DCE1C41FCAA00A0E4D8 /* ic_hd_active.png */ = {isa = PBXFileReference; lastKnownFileType = image.png; path = ic_hd_active.png; sourceTree = "<group>"; };
		A3815DCF1C41FCAA00A0E4D8 /* ic_hd_disable.png */ = {isa = PBXFileReference; lastKnownFileType = image.png; path = ic_hd_disable.png; sourceTree = "<group>"; };
		A3815DD01C41FCAA00A0E4D8 /* ic_pause_yellow.png */ = {isa = PBXFileReference; lastKnownFileType = image.png; path = ic_pause_yellow.png; sourceTree = "<group>"; };
		A3815DD11C41FCAA00A0E4D8 /* ic_play_blue.png */ = {isa = PBXFileReference; lastKnownFileType = image.png; path = ic_play_blue.png; sourceTree = "<group>"; };
		A38E7D261D4293D0007329FC /* TaskController.h */ = {isa = PBXFileReference; fileEncoding = 4; lastKnownFileType = sourcecode.c.h; path = TaskController.h; sourceTree = "<group>"; };
		A38E7D271D4293D0007329FC /* TaskController.m */ = {isa = PBXFileReference; fileEncoding = 4; lastKnownFileType = sourcecode.c.objc; path = TaskController.m; sourceTree = "<group>"; };
		A38E7D291D429AC3007329FC /* TaskCell.h */ = {isa = PBXFileReference; fileEncoding = 4; lastKnownFileType = sourcecode.c.h; path = TaskCell.h; sourceTree = "<group>"; };
		A38E7D2A1D429AC3007329FC /* TaskCell.m */ = {isa = PBXFileReference; fileEncoding = 4; lastKnownFileType = sourcecode.c.objc; path = TaskCell.m; sourceTree = "<group>"; };
		A3AC7BFE1D6F6E9A003D037C /* UserInfo.h */ = {isa = PBXFileReference; fileEncoding = 4; lastKnownFileType = sourcecode.c.h; path = UserInfo.h; sourceTree = "<group>"; };
		A3AC7BFF1D6F6E9A003D037C /* UserInfo.m */ = {isa = PBXFileReference; fileEncoding = 4; lastKnownFileType = sourcecode.c.objc; path = UserInfo.m; sourceTree = "<group>"; };
		A3EC535C1D530B3C00063377 /* ic_take_picture.png */ = {isa = PBXFileReference; lastKnownFileType = image.png; path = ic_take_picture.png; sourceTree = "<group>"; };
		A3EC535E1D53172700063377 /* ImgurImage.h */ = {isa = PBXFileReference; fileEncoding = 4; lastKnownFileType = sourcecode.c.h; path = ImgurImage.h; sourceTree = "<group>"; };
		A3EC535F1D53172700063377 /* ImgurImage.m */ = {isa = PBXFileReference; fileEncoding = 4; lastKnownFileType = sourcecode.c.objc; path = ImgurImage.m; sourceTree = "<group>"; };
		A3EC53611D53184500063377 /* Image.h */ = {isa = PBXFileReference; fileEncoding = 4; lastKnownFileType = sourcecode.c.h; path = Image.h; sourceTree = "<group>"; };
		A3EC53621D53184500063377 /* Image.m */ = {isa = PBXFileReference; fileEncoding = 4; lastKnownFileType = sourcecode.c.objc; path = Image.m; sourceTree = "<group>"; };
		A3F604021C40F614003B2950 /* MovieStoryboard.storyboard */ = {isa = PBXFileReference; fileEncoding = 4; lastKnownFileType = file.storyboard; path = MovieStoryboard.storyboard; sourceTree = "<group>"; };
		A3F604081C410479003B2950 /* MPMoviePlayerController+Subtitles.h */ = {isa = PBXFileReference; fileEncoding = 4; lastKnownFileType = sourcecode.c.h; path = "MPMoviePlayerController+Subtitles.h"; sourceTree = "<group>"; };
		A3F604091C410479003B2950 /* MPMoviePlayerController+Subtitles.m */ = {isa = PBXFileReference; fileEncoding = 4; lastKnownFileType = sourcecode.c.objc; path = "MPMoviePlayerController+Subtitles.m"; sourceTree = "<group>"; };
		B9146D55334CA3C94EDA5E62 /* Pods-HDMovie.release.xcconfig */ = {isa = PBXFileReference; includeInIndex = 1; lastKnownFileType = text.xcconfig; name = "Pods-HDMovie.release.xcconfig"; path = "Pods/Target Support Files/Pods-HDMovie/Pods-HDMovie.release.xcconfig"; sourceTree = "<group>"; };
		CE25BABA36097975AD9618BD /* Pods-FiniExShipper.release.xcconfig */ = {isa = PBXFileReference; includeInIndex = 1; lastKnownFileType = text.xcconfig; name = "Pods-FiniExShipper.release.xcconfig"; path = "Pods/Target Support Files/Pods-FiniExShipper/Pods-FiniExShipper.release.xcconfig"; sourceTree = "<group>"; };
		DE7BC5071C3F89BD00D58031 /* FiniExShipper.app */ = {isa = PBXFileReference; explicitFileType = wrapper.application; includeInIndex = 0; path = FiniExShipper.app; sourceTree = BUILT_PRODUCTS_DIR; };
		DE7BC50B1C3F89BD00D58031 /* main.m */ = {isa = PBXFileReference; lastKnownFileType = sourcecode.c.objc; path = main.m; sourceTree = "<group>"; };
		DE7BC5171C3F89BD00D58031 /* HDMovieTemplate.xcdatamodel */ = {isa = PBXFileReference; lastKnownFileType = wrapper.xcdatamodel; path = HDMovieTemplate.xcdatamodel; sourceTree = "<group>"; };
		DE7BC5191C3F89BD00D58031 /* Assets.xcassets */ = {isa = PBXFileReference; lastKnownFileType = folder.assetcatalog; path = Assets.xcassets; sourceTree = "<group>"; };
		DE7BC51E1C3F89BD00D58031 /* Info.plist */ = {isa = PBXFileReference; lastKnownFileType = text.plist.xml; path = Info.plist; sourceTree = "<group>"; };
		DE7BC5241C3F8B9300D58031 /* Foundation.framework */ = {isa = PBXFileReference; lastKnownFileType = wrapper.framework; name = Foundation.framework; path = System/Library/Frameworks/Foundation.framework; sourceTree = SDKROOT; };
		DE7BC5271C3F8C3C00D58031 /* AppDelegate.h */ = {isa = PBXFileReference; fileEncoding = 4; lastKnownFileType = sourcecode.c.h; path = AppDelegate.h; sourceTree = "<group>"; };
		DE7BC5281C3F8C3C00D58031 /* AppDelegate.m */ = {isa = PBXFileReference; fileEncoding = 4; lastKnownFileType = sourcecode.c.objc; path = AppDelegate.m; sourceTree = "<group>"; };
/* End PBXFileReference section */

/* Begin PBXFrameworksBuildPhase section */
		DE7BC5041C3F89BD00D58031 /* Frameworks */ = {
			isa = PBXFrameworksBuildPhase;
			buildActionMask = 2147483647;
			files = (
				A34338CB1D824B3D006D9A12 /* libPods-FiniExShipper.a in Frameworks */,
				DE7BC5251C3F8B9300D58031 /* Foundation.framework in Frameworks */,
			);
			runOnlyForDeploymentPostprocessing = 0;
		};
/* End PBXFrameworksBuildPhase section */

/* Begin PBXGroup section */
		334E1F0A1C50D0E10099299C /* xib */ = {
			isa = PBXGroup;
			children = (
			);
			name = xib;
			sourceTree = "<group>";
		};
		A32E933D1D44A3EE007891EC /* Login */ = {
			isa = PBXGroup;
			children = (
				A32E933E1D44A414007891EC /* LoginController.h */,
				A32E933F1D44A414007891EC /* LoginController.m */,
			);
			name = Login;
			sourceTree = "<group>";
		};
		A34DB3A91D4341AF008ED8D3 /* Order */ = {
			isa = PBXGroup;
			children = (
				A34DB3AA1D4341D5008ED8D3 /* OrderController.h */,
				A34DB3AB1D4341D5008ED8D3 /* OrderController.m */,
				A376A1691D4C35B3008A50B2 /* UpdateStatusOrderController.h */,
				A376A16A1D4C35B3008A50B2 /* UpdateStatusOrderController.m */,
			);
			name = Order;
			sourceTree = "<group>";
		};
		A34DB3AD1D434255008ED8D3 /* Oder */ = {
			isa = PBXGroup;
			children = (
				A34DB3AE1D43426E008ED8D3 /* OrderCell.h */,
				A34DB3AF1D43426E008ED8D3 /* OrderCell.m */,
			);
			name = Oder;
			sourceTree = "<group>";
		};
		A3F604071C410465003B2950 /* Utils */ = {
			isa = PBXGroup;
			children = (
				A37F4ACF1D47CA8A0044439C /* UITableView+FDTemplateLayoutCell.h */,
				A37F4AD01D47CA8A0044439C /* UITableView+FDTemplateLayoutCell.m */,
				A37F4AD11D47CA8A0044439C /* UITableView+FDKeyedHeightCache.h */,
				A37F4AD21D47CA8A0044439C /* UITableView+FDKeyedHeightCache.m */,
				A37F4AD31D47CA8A0044439C /* UITableView+FDIndexPathHeightCache.h */,
				A37F4AD41D47CA8A0044439C /* UITableView+FDIndexPathHeightCache.m */,
				A37F4AD51D47CA8A0044439C /* UITableView+FDTemplateLayoutCellDebug.h */,
				A37F4AD61D47CA8A0044439C /* UITableView+FDTemplateLayoutCellDebug.m */,
				A3F604081C410479003B2950 /* MPMoviePlayerController+Subtitles.h */,
				A3F604091C410479003B2950 /* MPMoviePlayerController+Subtitles.m */,
				33D4CBF11C43467500F4235C /* Utils.h */,
				33D4CBF21C43467500F4235C /* Utils.m */,
			);
			name = Utils;
			sourceTree = "<group>";
		};
		C9D35F6CBE3B555D25FDED65 /* Frameworks */ = {
			isa = PBXGroup;
			children = (
				A34338CA1D824B3D006D9A12 /* libPods-FiniExShipper.a */,
				A34338C01D824775006D9A12 /* libAFNetworking.a */,
				A34338C11D824775006D9A12 /* libJSONModel.a */,
				A34338C21D824775006D9A12 /* libREFrostedViewController.a */,
				A34338C31D824775006D9A12 /* libSTPopup.a */,
				A34338C41D824775006D9A12 /* libSVProgressHUD.a */,
				A37F4ACD1D47C9D60044439C /* FDTemplateLayoutCell.framework */,
				A37F4ACB1D47C73E0044439C /* FDTemplateLayoutCell.framework */,
				A37F4AC91D47C7280044439C /* FDTemplateLayoutCell.framework */,
				334E1EF31C4CEE0D0099299C /* libAFNetworking.a */,
				334E1EF41C4CEE0D0099299C /* libJSONModel.a */,
				334E1EF51C4CEE0D0099299C /* libSTPopup.a */,
				334E1EF61C4CEE0D0099299C /* libSVProgressHUD.a */,
				334E1EE91C4CEC280099299C /* libAFNetworking.a */,
				334E1EEA1C4CEC280099299C /* libJSONModel.a */,
				334E1EEC1C4CEC280099299C /* libSTPopup.a */,
				334E1EED1C4CEC280099299C /* libSVProgressHUD.a */,
				DE7BC5241C3F8B9300D58031 /* Foundation.framework */,
				66478A587D019DED255FD346 /* libPods-HDMovie.a */,
				7CB80889BDBCDA03A5919398 /* libPods-FiniExShipper.a */,
			);
			name = Frameworks;
			sourceTree = "<group>";
		};
		CF5B2D69A735754A5250B61A /* Pods */ = {
			isa = PBXGroup;
			children = (
				8F2A001A9E5D8BBB55E52472 /* Pods-HDMovie.debug.xcconfig */,
				B9146D55334CA3C94EDA5E62 /* Pods-HDMovie.release.xcconfig */,
				8C4906A99DACEA19F5D52F99 /* Pods-FiniExShipper.debug.xcconfig */,
				CE25BABA36097975AD9618BD /* Pods-FiniExShipper.release.xcconfig */,
			);
			name = Pods;
			sourceTree = "<group>";
		};
		DE7BC4FE1C3F89BD00D58031 = {
			isa = PBXGroup;
			children = (
				DE7BC5091C3F89BD00D58031 /* FiniExShipper */,
				DE7BC5081C3F89BD00D58031 /* Products */,
				CF5B2D69A735754A5250B61A /* Pods */,
				C9D35F6CBE3B555D25FDED65 /* Frameworks */,
			);
			sourceTree = "<group>";
		};
		DE7BC5081C3F89BD00D58031 /* Products */ = {
			isa = PBXGroup;
			children = (
				DE7BC5071C3F89BD00D58031 /* FiniExShipper.app */,
			);
			name = Products;
			sourceTree = "<group>";
		};
		DE7BC5091C3F89BD00D58031 /* FiniExShipper */ = {
			isa = PBXGroup;
			children = (
				A3F604071C410465003B2950 /* Utils */,
				DE7BC5261C3F8C3C00D58031 /* App */,
				DE7BC5291C3F8C3C00D58031 /* MVC */,
				DE7BC52F1C3F8C3C00D58031 /* Resource */,
				DE7BC5191C3F89BD00D58031 /* Assets.xcassets */,
				DE7BC51E1C3F89BD00D58031 /* Info.plist */,
				DE7BC5161C3F89BD00D58031 /* HDMovieTemplate.xcdatamodeld */,
				DE7BC50A1C3F89BD00D58031 /* Supporting Files */,
				A3F604021C40F614003B2950 /* MovieStoryboard.storyboard */,
				A37B615C1D491F0A00AC31A1 /* FiniShipper.storyboard */,
			);
			name = FiniExShipper;
			path = HDMovieTemplate;
			sourceTree = "<group>";
		};
		DE7BC50A1C3F89BD00D58031 /* Supporting Files */ = {
			isa = PBXGroup;
			children = (
				DE7BC50B1C3F89BD00D58031 /* main.m */,
			);
			name = "Supporting Files";
			sourceTree = "<group>";
		};
		DE7BC5261C3F8C3C00D58031 /* App */ = {
			isa = PBXGroup;
			children = (
				A3528D9F1D49A139007F3C07 /* LocationManager.h */,
				A3528DA01D49A139007F3C07 /* LocationManager.m */,
				DE7BC5271C3F8C3C00D58031 /* AppDelegate.h */,
				DE7BC5281C3F8C3C00D58031 /* AppDelegate.m */,
				33D4CBDF1C3F904300F4235C /* ApiConnect.h */,
				33D4CBE01C3F904300F4235C /* ApiConnect.m */,
				33D4CBE21C3F904D00F4235C /* Define.h */,
				33D4CBE71C3F906100F4235C /* Movie.m */,
			);
			path = App;
			sourceTree = "<group>";
		};
		DE7BC5291C3F8C3C00D58031 /* MVC */ = {
			isa = PBXGroup;
			children = (
				DE7BC52A1C3F8C3C00D58031 /* Controller */,
				DE7BC52D1C3F8C3C00D58031 /* Model */,
				DE7BC52E1C3F8C3C00D58031 /* View */,
			);
			path = MVC;
			sourceTree = "<group>";
		};
		DE7BC52A1C3F8C3C00D58031 /* Controller */ = {
			isa = PBXGroup;
			children = (
				A32E933D1D44A3EE007891EC /* Login */,
				334E1F041C4E4CE00099299C /* DEMONavigationController.h */,
				A34DB3A91D4341AF008ED8D3 /* Order */,
				334E1F051C4E4CE00099299C /* DEMONavigationController.m */,
				334E1EFE1C4DCC8F0099299C /* DEMORootViewController.h */,
				334E1EFF1C4DCC8F0099299C /* DEMORootViewController.m */,
				334E1ECD1C4CE92F0099299C /* DEMOMenuViewController.h */,
				334E1ECE1C4CE92F0099299C /* DEMOMenuViewController.m */,
				A38E7D261D4293D0007329FC /* TaskController.h */,
				A38E7D271D4293D0007329FC /* TaskController.m */,
			);
			path = Controller;
			sourceTree = "<group>";
		};
		DE7BC52D1C3F8C3C00D58031 /* Model */ = {
			isa = PBXGroup;
			children = (
				A34337E71D3E679100594106 /* Task.m */,
				A34337E91D3E67B200594106 /* Task.h */,
				A34337EA1D3E78B200594106 /* Order.h */,
				A34337EB1D3E78B200594106 /* Order.m */,
				A32E93411D44B08B007891EC /* FiniUser.h */,
				A32E93421D44B08B007891EC /* FiniUser.m */,
				A3EC535E1D53172700063377 /* ImgurImage.h */,
				A3EC535F1D53172700063377 /* ImgurImage.m */,
				A3EC53611D53184500063377 /* Image.h */,
				A3EC53621D53184500063377 /* Image.m */,
				A3AC7BFE1D6F6E9A003D037C /* UserInfo.h */,
				A3AC7BFF1D6F6E9A003D037C /* UserInfo.m */,
			);
			path = Model;
			sourceTree = "<group>";
		};
		DE7BC52E1C3F8C3C00D58031 /* View */ = {
			isa = PBXGroup;
			children = (
				A34DB3AD1D434255008ED8D3 /* Oder */,
				A38E7D291D429AC3007329FC /* TaskCell.h */,
				A38E7D2A1D429AC3007329FC /* TaskCell.m */,
			);
			path = View;
			sourceTree = "<group>";
		};
		DE7BC52F1C3F8C3C00D58031 /* Resource */ = {
			isa = PBXGroup;
			children = (
				334E1F0A1C50D0E10099299C /* xib */,
				DE7BC5301C3F8C3C00D58031 /* Data */,
				DE7BC5311C3F8C3C00D58031 /* Image */,
				DE7BC5321C3F8C3C00D58031 /* Storyboard */,
			);
			path = Resource;
			sourceTree = "<group>";
		};
		DE7BC5301C3F8C3C00D58031 /* Data */ = {
			isa = PBXGroup;
			children = (
			);
			path = Data;
			sourceTree = "<group>";
		};
		DE7BC5311C3F8C3C00D58031 /* Image */ = {
			isa = PBXGroup;
			children = (
				A3EC535C1D530B3C00063377 /* ic_take_picture.png */,
				A32E933B1D44A2FA007891EC /* ic_launcher.png */,
				A34DB3A31D431B2B008ED8D3 /* ic_phone.png */,
				A34DB3A41D431B2B008ED8D3 /* ic_task_addr.png */,
				A34DB3A51D431B2B008ED8D3 /* ic_task_time.png */,
				A3815DCA1C41FCAA00A0E4D8 /* ic_back_black.png */,
				A3815DCB1C41FCAA00A0E4D8 /* ic_back_white.png */,
				33D4CC0E1C44A23700F4235C /* ic_menu.png */,
				33D4CC011C43AF2000F4235C /* ic_check_blue.png */,
				33D4CC091C449F2A00F4235C /* ic_more_doc_blue.png */,
				A3815DCC1C41FCAA00A0E4D8 /* ic_cc_disable.png */,
				A3815DCD1C41FCAA00A0E4D8 /* ic_cc.png */,
				A3815DCE1C41FCAA00A0E4D8 /* ic_hd_active.png */,
				A3815DCF1C41FCAA00A0E4D8 /* ic_hd_disable.png */,
				A3815DD01C41FCAA00A0E4D8 /* ic_pause_yellow.png */,
				A3815DD11C41FCAA00A0E4D8 /* ic_play_blue.png */,
				33D4CBEC1C40C45400F4235C /* ic_play.png */,
			);
			path = Image;
			sourceTree = "<group>";
		};
		DE7BC5321C3F8C3C00D58031 /* Storyboard */ = {
			isa = PBXGroup;
			children = (
			);
			path = Storyboard;
			sourceTree = "<group>";
		};
/* End PBXGroup section */

/* Begin PBXNativeTarget section */
		DE7BC5061C3F89BD00D58031 /* FiniExShipper */ = {
			isa = PBXNativeTarget;
			buildConfigurationList = DE7BC5211C3F89BD00D58031 /* Build configuration list for PBXNativeTarget "FiniExShipper" */;
			buildPhases = (
				51C11D565C0820E0F5B4E8AD /* Check Pods Manifest.lock */,
				DE7BC5031C3F89BD00D58031 /* Sources */,
				DE7BC5041C3F89BD00D58031 /* Frameworks */,
				DE7BC5051C3F89BD00D58031 /* Resources */,
				A967E89B93B32F8085FF0F7F /* Embed Pods Frameworks */,
				29D20C5CAD8DC483D88B4695 /* Copy Pods Resources */,
			);
			buildRules = (
			);
			dependencies = (
			);
			name = FiniExShipper;
			productName = HDMovieTemplate;
			productReference = DE7BC5071C3F89BD00D58031 /* FiniExShipper.app */;
			productType = "com.apple.product-type.application";
		};
/* End PBXNativeTarget section */

/* Begin PBXProject section */
		DE7BC4FF1C3F89BD00D58031 /* Project object */ = {
			isa = PBXProject;
			attributes = {
				LastUpgradeCheck = 0730;
				ORGANIZATIONNAME = VinhDN;
				TargetAttributes = {
					DE7BC5061C3F89BD00D58031 = {
						CreatedOnToolsVersion = 7.2;
						SystemCapabilities = {
							com.apple.BackgroundModes = {
								enabled = 1;
							};
						};
					};
				};
			};
			buildConfigurationList = DE7BC5021C3F89BD00D58031 /* Build configuration list for PBXProject "FiniExShipper" */;
			compatibilityVersion = "Xcode 3.2";
			developmentRegion = English;
			hasScannedForEncodings = 0;
			knownRegions = (
				en,
				Base,
			);
			mainGroup = DE7BC4FE1C3F89BD00D58031;
			productRefGroup = DE7BC5081C3F89BD00D58031 /* Products */;
			projectDirPath = "";
			projectRoot = "";
			targets = (
				DE7BC5061C3F89BD00D58031 /* FiniExShipper */,
			);
		};
/* End PBXProject section */

/* Begin PBXResourcesBuildPhase section */
		DE7BC5051C3F89BD00D58031 /* Resources */ = {
			isa = PBXResourcesBuildPhase;
			buildActionMask = 2147483647;
			files = (
				A3815DD41C41FCAA00A0E4D8 /* ic_cc_disable.png in Resources */,
				A3815DD21C41FCAA00A0E4D8 /* ic_back_black.png in Resources */,
				A34DB3A71D431B2B008ED8D3 /* ic_task_addr.png in Resources */,
				A3815DD81C41FCAA00A0E4D8 /* ic_pause_yellow.png in Resources */,
				A3EC535D1D530B3C00063377 /* ic_take_picture.png in Resources */,
				A34DB3A81D431B2B008ED8D3 /* ic_task_time.png in Resources */,
				A32E933C1D44A2FA007891EC /* ic_launcher.png in Resources */,
				A34DB3A61D431B2B008ED8D3 /* ic_phone.png in Resources */,
				DE7BC51A1C3F89BD00D58031 /* Assets.xcassets in Resources */,
				A3815DD31C41FCAA00A0E4D8 /* ic_back_white.png in Resources */,
				33D4CC021C43AF2000F4235C /* ic_check_blue.png in Resources */,
				A3815DD91C41FCAA00A0E4D8 /* ic_play_blue.png in Resources */,
				33D4CC0A1C449F2A00F4235C /* ic_more_doc_blue.png in Resources */,
				A3815DD71C41FCAA00A0E4D8 /* ic_hd_disable.png in Resources */,
				A3F604031C40F614003B2950 /* MovieStoryboard.storyboard in Resources */,
				A3815DD61C41FCAA00A0E4D8 /* ic_hd_active.png in Resources */,
				33D4CBED1C40C45400F4235C /* ic_play.png in Resources */,
				33D4CC0F1C44A23700F4235C /* ic_menu.png in Resources */,
				A3815DD51C41FCAA00A0E4D8 /* ic_cc.png in Resources */,
				A37B615D1D491F0A00AC31A1 /* FiniShipper.storyboard in Resources */,
			);
			runOnlyForDeploymentPostprocessing = 0;
		};
/* End PBXResourcesBuildPhase section */

/* Begin PBXShellScriptBuildPhase section */
		29D20C5CAD8DC483D88B4695 /* Copy Pods Resources */ = {
			isa = PBXShellScriptBuildPhase;
			buildActionMask = 2147483647;
			files = (
			);
			inputPaths = (
			);
			name = "Copy Pods Resources";
			outputPaths = (
			);
			runOnlyForDeploymentPostprocessing = 0;
			shellPath = /bin/sh;
			shellScript = "\"${SRCROOT}/Pods/Target Support Files/Pods-FiniExShipper/Pods-FiniExShipper-resources.sh\"\n";
			showEnvVarsInLog = 0;
		};
		51C11D565C0820E0F5B4E8AD /* Check Pods Manifest.lock */ = {
			isa = PBXShellScriptBuildPhase;
			buildActionMask = 2147483647;
			files = (
			);
			inputPaths = (
			);
			name = "Check Pods Manifest.lock";
			outputPaths = (
			);
			runOnlyForDeploymentPostprocessing = 0;
			shellPath = /bin/sh;
			shellScript = "diff \"${PODS_ROOT}/../Podfile.lock\" \"${PODS_ROOT}/Manifest.lock\" > /dev/null\nif [[ $? != 0 ]] ; then\n    cat << EOM\nerror: The sandbox is not in sync with the Podfile.lock. Run 'pod install' or update your CocoaPods installation.\nEOM\n    exit 1\nfi\n";
			showEnvVarsInLog = 0;
		};
		A967E89B93B32F8085FF0F7F /* Embed Pods Frameworks */ = {
			isa = PBXShellScriptBuildPhase;
			buildActionMask = 2147483647;
			files = (
			);
			inputPaths = (
			);
			name = "Embed Pods Frameworks";
			outputPaths = (
			);
			runOnlyForDeploymentPostprocessing = 0;
			shellPath = /bin/sh;
			shellScript = "\"${SRCROOT}/Pods/Target Support Files/Pods-FiniExShipper/Pods-FiniExShipper-frameworks.sh\"\n";
			showEnvVarsInLog = 0;
		};
/* End PBXShellScriptBuildPhase section */

/* Begin PBXSourcesBuildPhase section */
		DE7BC5031C3F89BD00D58031 /* Sources */ = {
			isa = PBXSourcesBuildPhase;
			buildActionMask = 2147483647;
			files = (
				A37F4ADB1D47CAA70044439C /* UITableView+FDTemplateLayoutCell.h in Sources */,
				A37F4ADC1D47CAA70044439C /* UITableView+FDKeyedHeightCache.h in Sources */,
				A3AC7C001D6F6E9A003D037C /* UserInfo.m in Sources */,
				A37F4ADD1D47CAA70044439C /* UITableView+FDIndexPathHeightCache.h in Sources */,
				A3528DA11D49A139007F3C07 /* LocationManager.m in Sources */,
				A37F4ADE1D47CAA70044439C /* UITableView+FDTemplateLayoutCellDebug.h in Sources */,
				A37F4ADA1D47CA8A0044439C /* UITableView+FDTemplateLayoutCellDebug.m in Sources */,
				33D4CBE11C3F904300F4235C /* ApiConnect.m in Sources */,
				334E1F001C4DCC8F0099299C /* DEMORootViewController.m in Sources */,
				A376A16B1D4C35B3008A50B2 /* UpdateStatusOrderController.m in Sources */,
				A3EC53631D53184500063377 /* Image.m in Sources */,
				33D4CBF31C43467500F4235C /* Utils.m in Sources */,
				A32E93431D44B08B007891EC /* FiniUser.m in Sources */,
				A37F4AD91D47CA8A0044439C /* UITableView+FDIndexPathHeightCache.m in Sources */,
				A37F4AD81D47CA8A0044439C /* UITableView+FDKeyedHeightCache.m in Sources */,
				A37F4AD71D47CA8A0044439C /* UITableView+FDTemplateLayoutCell.m in Sources */,
				334E1ECF1C4CE92F0099299C /* DEMOMenuViewController.m in Sources */,
				A3EC53601D53172700063377 /* ImgurImage.m in Sources */,
				A34DB3AC1D4341D5008ED8D3 /* OrderController.m in Sources */,
				DE7BC5181C3F89BD00D58031 /* HDMovieTemplate.xcdatamodeld in Sources */,
				A34337EC1D3E78B200594106 /* Order.m in Sources */,
				A38E7D281D4293D0007329FC /* TaskController.m in Sources */,
				A3F6040A1C410479003B2950 /* MPMoviePlayerController+Subtitles.m in Sources */,
				A38E7D2B1D429AC3007329FC /* TaskCell.m in Sources */,
				33D4CBEA1C3F906100F4235C /* Movie.m in Sources */,
				A34DB3B01D43426E008ED8D3 /* OrderCell.m in Sources */,
				A34337E81D3E679100594106 /* Task.m in Sources */,
				334E1F061C4E4CE00099299C /* DEMONavigationController.m in Sources */,
				A32E93401D44A414007891EC /* LoginController.m in Sources */,
				DE7BC50C1C3F89BD00D58031 /* main.m in Sources */,
				DE7BC5331C3F8C3C00D58031 /* AppDelegate.m in Sources */,
			);
			runOnlyForDeploymentPostprocessing = 0;
		};
/* End PBXSourcesBuildPhase section */

/* Begin XCBuildConfiguration section */
		DE7BC51F1C3F89BD00D58031 /* Debug */ = {
			isa = XCBuildConfiguration;
			buildSettings = {
				ALWAYS_SEARCH_USER_PATHS = NO;
				CLANG_CXX_LANGUAGE_STANDARD = "gnu++0x";
				CLANG_CXX_LIBRARY = "libc++";
				CLANG_ENABLE_MODULES = YES;
				CLANG_ENABLE_OBJC_ARC = YES;
				CLANG_WARN_BOOL_CONVERSION = YES;
				CLANG_WARN_CONSTANT_CONVERSION = YES;
				CLANG_WARN_DIRECT_OBJC_ISA_USAGE = YES_ERROR;
				CLANG_WARN_EMPTY_BODY = YES;
				CLANG_WARN_ENUM_CONVERSION = YES;
				CLANG_WARN_INT_CONVERSION = YES;
				CLANG_WARN_OBJC_ROOT_CLASS = YES_ERROR;
				CLANG_WARN_UNREACHABLE_CODE = YES;
				CLANG_WARN__DUPLICATE_METHOD_MATCH = YES;
				"CODE_SIGN_IDENTITY[sdk=iphoneos*]" = "iPhone Developer";
				COPY_PHASE_STRIP = NO;
				DEBUG_INFORMATION_FORMAT = dwarf;
				ENABLE_STRICT_OBJC_MSGSEND = YES;
				ENABLE_TESTABILITY = YES;
				GCC_C_LANGUAGE_STANDARD = gnu99;
				GCC_DYNAMIC_NO_PIC = NO;
				GCC_NO_COMMON_BLOCKS = YES;
				GCC_OPTIMIZATION_LEVEL = 0;
				GCC_PREPROCESSOR_DEFINITIONS = (
					"DEBUG=1",
					"$(inherited)",
				);
				GCC_WARN_64_TO_32_BIT_CONVERSION = YES;
				GCC_WARN_ABOUT_RETURN_TYPE = YES_ERROR;
				GCC_WARN_UNDECLARED_SELECTOR = YES;
				GCC_WARN_UNINITIALIZED_AUTOS = YES_AGGRESSIVE;
				GCC_WARN_UNUSED_FUNCTION = YES;
				GCC_WARN_UNUSED_VARIABLE = YES;
				IPHONEOS_DEPLOYMENT_TARGET = 9.2;
				MTL_ENABLE_DEBUG_INFO = YES;
				ONLY_ACTIVE_ARCH = YES;
				SDKROOT = iphoneos;
			};
			name = Debug;
		};
		DE7BC5201C3F89BD00D58031 /* Release */ = {
			isa = XCBuildConfiguration;
			buildSettings = {
				ALWAYS_SEARCH_USER_PATHS = NO;
				CLANG_CXX_LANGUAGE_STANDARD = "gnu++0x";
				CLANG_CXX_LIBRARY = "libc++";
				CLANG_ENABLE_MODULES = YES;
				CLANG_ENABLE_OBJC_ARC = YES;
				CLANG_WARN_BOOL_CONVERSION = YES;
				CLANG_WARN_CONSTANT_CONVERSION = YES;
				CLANG_WARN_DIRECT_OBJC_ISA_USAGE = YES_ERROR;
				CLANG_WARN_EMPTY_BODY = YES;
				CLANG_WARN_ENUM_CONVERSION = YES;
				CLANG_WARN_INT_CONVERSION = YES;
				CLANG_WARN_OBJC_ROOT_CLASS = YES_ERROR;
				CLANG_WARN_UNREACHABLE_CODE = YES;
				CLANG_WARN__DUPLICATE_METHOD_MATCH = YES;
				"CODE_SIGN_IDENTITY[sdk=iphoneos*]" = "iPhone Developer";
				COPY_PHASE_STRIP = NO;
				DEBUG_INFORMATION_FORMAT = "dwarf-with-dsym";
				ENABLE_NS_ASSERTIONS = NO;
				ENABLE_STRICT_OBJC_MSGSEND = YES;
				GCC_C_LANGUAGE_STANDARD = gnu99;
				GCC_NO_COMMON_BLOCKS = YES;
				GCC_WARN_64_TO_32_BIT_CONVERSION = YES;
				GCC_WARN_ABOUT_RETURN_TYPE = YES_ERROR;
				GCC_WARN_UNDECLARED_SELECTOR = YES;
				GCC_WARN_UNINITIALIZED_AUTOS = YES_AGGRESSIVE;
				GCC_WARN_UNUSED_FUNCTION = YES;
				GCC_WARN_UNUSED_VARIABLE = YES;
				IPHONEOS_DEPLOYMENT_TARGET = 9.2;
				MTL_ENABLE_DEBUG_INFO = NO;
				SDKROOT = iphoneos;
				VALIDATE_PRODUCT = YES;
			};
			name = Release;
		};
		DE7BC5221C3F89BD00D58031 /* Debug */ = {
			isa = XCBuildConfiguration;
			baseConfigurationReference = 8C4906A99DACEA19F5D52F99 /* Pods-FiniExShipper.debug.xcconfig */;
			buildSettings = {
				ASSETCATALOG_COMPILER_APPICON_NAME = AppIcon;
				CLANG_ENABLE_MODULES = YES;
				CODE_SIGN_IDENTITY = "iPhone Developer";
				"CODE_SIGN_IDENTITY[sdk=iphoneos*]" = "iPhone Developer";
				FRAMEWORK_SEARCH_PATHS = (
					"$(inherited)",
					"$(PROJECT_DIR)/FDTemplateLayoutCell/build/Debug-iphoneos",
				);
				INFOPLIST_FILE = HDMovieTemplate/Info.plist;
				IPHONEOS_DEPLOYMENT_TARGET = 8.0;
				LD_RUNPATH_SEARCH_PATHS = "$(inherited) @executable_path/Frameworks";
				LIBRARY_SEARCH_PATHS = (
					"$(inherited)",
					"$(PROJECT_DIR)/build/Debug-iphoneos",
				);
				PRODUCT_BUNDLE_IDENTIFIER = com.finiex.shipperapp;
				PRODUCT_NAME = FiniExShipper;
				PROVISIONING_PROFILE = "";
				SWIFT_OBJC_BRIDGING_HEADER = "HDMovieTemplate/MVC/View/HDMovieTemplate-Bridging-Header.h";
				SWIFT_OPTIMIZATION_LEVEL = "-Onone";
				TARGETED_DEVICE_FAMILY = "1,2";
			};
			name = Debug;
		};
		DE7BC5231C3F89BD00D58031 /* Release */ = {
			isa = XCBuildConfiguration;
			baseConfigurationReference = CE25BABA36097975AD9618BD /* Pods-FiniExShipper.release.xcconfig */;
			buildSettings = {
				ASSETCATALOG_COMPILER_APPICON_NAME = AppIcon;
				CLANG_ENABLE_MODULES = YES;
				CODE_SIGN_IDENTITY = "iPhone Developer";
				"CODE_SIGN_IDENTITY[sdk=iphoneos*]" = "iPhone Developer";
				FRAMEWORK_SEARCH_PATHS = (
					"$(inherited)",
					"$(PROJECT_DIR)/FDTemplateLayoutCell/build/Debug-iphoneos",
				);
				INFOPLIST_FILE = HDMovieTemplate/Info.plist;
				IPHONEOS_DEPLOYMENT_TARGET = 8.0;
				LD_RUNPATH_SEARCH_PATHS = "$(inherited) @executable_path/Frameworks";
				LIBRARY_SEARCH_PATHS = (
					"$(inherited)",
					"$(PROJECT_DIR)/build/Debug-iphoneos",
				);
				PRODUCT_BUNDLE_IDENTIFIER = com.finiex.shipperapp;
				PRODUCT_NAME = FiniExShipper;
				PROVISIONING_PROFILE = "";
				SWIFT_OBJC_BRIDGING_HEADER = "HDMovieTemplate/MVC/View/HDMovieTemplate-Bridging-Header.h";
				TARGETED_DEVICE_FAMILY = "1,2";
			};
			name = Release;
		};
/* End XCBuildConfiguration section */

/* Begin XCConfigurationList section */
		DE7BC5021C3F89BD00D58031 /* Build configuration list for PBXProject "FiniExShipper" */ = {
			isa = XCConfigurationList;
			buildConfigurations = (
				DE7BC51F1C3F89BD00D58031 /* Debug */,
				DE7BC5201C3F89BD00D58031 /* Release */,
			);
			defaultConfigurationIsVisible = 0;
			defaultConfigurationName = Debug;
		};
		DE7BC5211C3F89BD00D58031 /* Build configuration list for PBXNativeTarget "FiniExShipper" */ = {
			isa = XCConfigurationList;
			buildConfigurations = (
				DE7BC5221C3F89BD00D58031 /* Debug */,
				DE7BC5231C3F89BD00D58031 /* Release */,
			);
			defaultConfigurationIsVisible = 0;
			defaultConfigurationName = Debug;
		};
/* End XCConfigurationList section */

/* Begin XCVersionGroup section */
		DE7BC5161C3F89BD00D58031 /* HDMovieTemplate.xcdatamodeld */ = {
			isa = XCVersionGroup;
			children = (
				DE7BC5171C3F89BD00D58031 /* HDMovieTemplate.xcdatamodel */,
			);
			currentVersion = DE7BC5171C3F89BD00D58031 /* HDMovieTemplate.xcdatamodel */;
			path = HDMovieTemplate.xcdatamodeld;
			sourceTree = "<group>";
			versionGroupType = wrapper.xcdatamodel;
		};
/* End XCVersionGroup section */
	};
	rootObject = DE7BC4FF1C3F89BD00D58031 /* Project object */;
}
